%{
  "atecc508a": {:hex, :atecc508a, "1.3.0", "52c15f59a2ffba9615f9404bbb3251b120f427690ea6a8e1f1cd2d9fe8265354", [:mix], [{:circuits_i2c, "~> 0.2 or ~> 1.0 or ~> 2.0", [hex: :circuits_i2c, repo: "hexpm", optional: false]}, {:x509, "~> 0.5.1 or ~> 0.6", [hex: :x509, repo: "hexpm", optional: false]}], "hexpm", "ce4345ed949e962682b0d479cddf3bb94169d06f015544cd6450d76cbbfb95a5"},
  "beam_notify": {:hex, :beam_notify, "1.1.1", "da7dd04f16120bcab71f01ff81607ea38ad78af859cd87fad2012eac8feab034", [:make, :mix], [{:elixir_make, "~> 0.6", [hex: :elixir_make, repo: "hexpm", optional: false]}], "hexpm", "5a09fc8449171da423f781de16b95cdec52763e60308345de6f15358c2382a42"},
  "bunt": {:hex, :bunt, "1.0.0", "081c2c665f086849e6d57900292b3a161727ab40431219529f13c4ddcf3e7a44", [:mix], [], "hexpm", "dc5f86aa08a5f6fa6b8096f0735c4e76d54ae5c9fa2c143e5a1fc7c1cd9bb6b5"},
  "castore": {:hex, :castore, "1.0.12", "053f0e32700cbec356280c0e835df425a3be4bc1e0627b714330ad9d0f05497f", [:mix], [], "hexpm", "3dca286b2186055ba0c9449b4e95b97bf1b57b47c1f2644555879e659960c224"},
  "circuits_i2c": {:hex, :circuits_i2c, "2.1.0", "0656ea5d106744c498a8cd778f39c0685ab574e3da7159814cfbfe709001f0e5", [:make, :mix], [{:elixir_make, "~> 0.6", [hex: :elixir_make, repo: "hexpm", optional: false]}], "hexpm", "3751a875a9d728080fdbc5fd352f728d4746a82e17e52f4444c406200349f6ac"},
  "cowboy": {:hex, :cowboy, "2.13.0", "09d770dd5f6a22cc60c071f432cd7cb87776164527f205c5a6b0f24ff6b38990", [:make, :rebar3], [{:cowlib, ">= 2.14.0 and < 3.0.0", [hex: :cowlib, repo: "hexpm", optional: false]}, {:ranch, ">= 1.8.0 and < 3.0.0", [hex: :ranch, repo: "hexpm", optional: false]}], "hexpm", "e724d3a70995025d654c1992c7b11dbfea95205c047d86ff9bf1cda92ddc5614"},
  "cowboy_telemetry": {:hex, :cowboy_telemetry, "0.4.0", "f239f68b588efa7707abce16a84d0d2acf3a0f50571f8bb7f56a15865aae820c", [:rebar3], [{:cowboy, "~> 2.7", [hex: :cowboy, repo: "hexpm", optional: false]}, {:telemetry, "~> 1.0", [hex: :telemetry, repo: "hexpm", optional: false]}], "hexpm", "7d98bac1ee4565d31b62d59f8823dfd8356a169e7fcbb83831b8a5397404c9de"},
  "cowlib": {:hex, :cowlib, "2.14.0", "623791c56c1cc9df54a71a9c55147a401549917f00a2e48a6ae12b812c586ced", [:make, :rebar3], [], "hexpm", "0af652d1550c8411c3b58eed7a035a7fb088c0b86aff6bc504b0bc3b7f791aa2"},
  "credo": {:hex, :credo, "1.7.11", "d3e805f7ddf6c9c854fd36f089649d7cf6ba74c42bc3795d587814e3c9847102", [:mix], [{:bunt, "~> 0.2.1 or ~> 1.0", [hex: :bunt, repo: "hexpm", optional: false]}, {:file_system, "~> 0.2 or ~> 1.0", [hex: :file_system, repo: "hexpm", optional: false]}, {:jason, "~> 1.0", [hex: :jason, repo: "hexpm", optional: false]}], "hexpm", "56826b4306843253a66e47ae45e98e7d284ee1f95d53d1612bb483f88a8cf219"},
  "dialyxir": {:hex, :dialyxir, "1.4.5", "ca1571ac18e0f88d4ab245f0b60fa31ff1b12cbae2b11bd25d207f865e8ae78a", [:mix], [{:erlex, ">= 0.2.7", [hex: :erlex, repo: "hexpm", optional: false]}], "hexpm", "b0fb08bb8107c750db5c0b324fa2df5ceaa0f9307690ee3c1f6ba5b9eb5d35c3"},
  "earmark_parser": {:hex, :earmark_parser, "1.4.44", "f20830dd6b5c77afe2b063777ddbbff09f9759396500cdbe7523efd58d7a339c", [:mix], [], "hexpm", "4778ac752b4701a5599215f7030989c989ffdc4f6df457c5f36938cc2d2a2750"},
  "elixir_make": {:hex, :elixir_make, "0.9.0", "6484b3cd8c0cee58f09f05ecaf1a140a8c97670671a6a0e7ab4dc326c3109726", [:mix], [], "hexpm", "db23d4fd8b757462ad02f8aa73431a426fe6671c80b200d9710caf3d1dd0ffdb"},
  "erlex": {:hex, :erlex, "0.2.7", "810e8725f96ab74d17aac676e748627a07bc87eb950d2b83acd29dc047a30595", [:mix], [], "hexpm", "3ed95f79d1a844c3f6bf0cea61e0d5612a42ce56da9c03f01df538685365efb0"},
  "ex_doc": {:hex, :ex_doc, "0.37.3", "f7816881a443cd77872b7d6118e8a55f547f49903aef8747dbcb345a75b462f9", [:mix], [{:earmark_parser, "~> 1.4.42", [hex: :earmark_parser, repo: "hexpm", optional: false]}, {:makeup_c, ">= 0.1.0", [hex: :makeup_c, repo: "hexpm", optional: true]}, {:makeup_elixir, "~> 0.14 or ~> 1.0", [hex: :makeup_elixir, repo: "hexpm", optional: false]}, {:makeup_erlang, "~> 0.1 or ~> 1.0", [hex: :makeup_erlang, repo: "hexpm", optional: false]}, {:makeup_html, ">= 0.1.0", [hex: :makeup_html, repo: "hexpm", optional: true]}], "hexpm", "e6aebca7156e7c29b5da4daa17f6361205b2ae5f26e5c7d8ca0d3f7e18972233"},
  "excoveralls": {:hex, :excoveralls, "0.18.5", "e229d0a65982613332ec30f07940038fe451a2e5b29bce2a5022165f0c9b157e", [:mix], [{:castore, "~> 1.0", [hex: :castore, repo: "hexpm", optional: true]}, {:jason, "~> 1.0", [hex: :jason, repo: "hexpm", optional: false]}], "hexpm", "523fe8a15603f86d64852aab2abe8ddbd78e68579c8525ae765facc5eae01562"},
  "extty": {:hex, :extty, "0.4.2", "a180d018cefe6df319859f160b7c94fd7c8119186f9e7b9f18952496dd3ca4d1", [:mix], [], "hexpm", "6d220e5655f293d8e7acb023b3d7ffffb3f294cc2762c3357036ac9459bb6d69"},
  "file_system": {:hex, :file_system, "1.1.0", "08d232062284546c6c34426997dd7ef6ec9f8bbd090eb91780283c9016840e8f", [:mix], [], "hexpm", "bfcf81244f416871f2a2e15c1b515287faa5db9c6bcf290222206d120b3d43f6"},
  "finch": {:hex, :finch, "0.19.0", "c644641491ea854fc5c1bbaef36bfc764e3f08e7185e1f084e35e0672241b76d", [:mix], [{:mime, "~> 1.0 or ~> 2.0", [hex: :mime, repo: "hexpm", optional: false]}, {:mint, "~> 1.6.2 or ~> 1.7", [hex: :mint, repo: "hexpm", optional: false]}, {:nimble_options, "~> 0.4 or ~> 1.0", [hex: :nimble_options, repo: "hexpm", optional: false]}, {:nimble_pool, "~> 1.1", [hex: :nimble_pool, repo: "hexpm", optional: false]}, {:telemetry, "~> 0.4 or ~> 1.0", [hex: :telemetry, repo: "hexpm", optional: false]}], "hexpm", "fc5324ce209125d1e2fa0fcd2634601c52a787aff1cd33ee833664a5af4ea2b6"},
  "fwup": {:hex, :fwup, "1.1.0", "6c9d5f06a38263855dcf34f5a5b4da46c2ca42f6e3f873b8f932d095ce010765", [:mix], [], "hexpm", "3ff61d932a42785efc3324ecab6cf9bd3de75dacfca16d9e659a7173ef9f15d6"},
  "gen_state_machine": {:hex, :gen_state_machine, "3.0.0", "1e57f86a494e5c6b14137ebef26a7eb342b3b0070c7135f2d6768ed3f6b6cdff", [:mix], [], "hexpm", "0a59652574bebceb7309f6b749d2a41b45fdeda8dbb4da0791e355dd19f0ed15"},
  "hpax": {:hex, :hpax, "1.0.2", "762df951b0c399ff67cc57c3995ec3cf46d696e41f0bba17da0518d94acd4aac", [:mix], [], "hexpm", "2f09b4c1074e0abd846747329eaa26d535be0eb3d189fa69d812bfb8bfefd32f"},
  "jason": {:hex, :jason, "1.4.4", "b9226785a9aa77b6857ca22832cffa5d5011a667207eb2a0ad56adb5db443b8a", [:mix], [{:decimal, "~> 1.0 or ~> 2.0", [hex: :decimal, repo: "hexpm", optional: true]}], "hexpm", "c5eb0cab91f094599f94d55bc63409236a8ec69a21a67814529e8d5f6cc90b3b"},
  "makeup": {:hex, :makeup, "1.2.1", "e90ac1c65589ef354378def3ba19d401e739ee7ee06fb47f94c687016e3713d1", [:mix], [{:nimble_parsec, "~> 1.4", [hex: :nimble_parsec, repo: "hexpm", optional: false]}], "hexpm", "d36484867b0bae0fea568d10131197a4c2e47056a6fbe84922bf6ba71c8d17ce"},
  "makeup_elixir": {:hex, :makeup_elixir, "1.0.1", "e928a4f984e795e41e3abd27bfc09f51db16ab8ba1aebdba2b3a575437efafc2", [:mix], [{:makeup, "~> 1.0", [hex: :makeup, repo: "hexpm", optional: false]}, {:nimble_parsec, "~> 1.2.3 or ~> 1.3", [hex: :nimble_parsec, repo: "hexpm", optional: false]}], "hexpm", "7284900d412a3e5cfd97fdaed4f5ed389b8f2b4cb49efc0eb3bd10e2febf9507"},
  "makeup_erlang": {:hex, :makeup_erlang, "1.0.2", "03e1804074b3aa64d5fad7aa64601ed0fb395337b982d9bcf04029d68d51b6a7", [:mix], [{:makeup, "~> 1.0", [hex: :makeup, repo: "hexpm", optional: false]}], "hexpm", "af33ff7ef368d5893e4a267933e7744e46ce3cf1f61e2dccf53a111ed3aa3727"},
  "mime": {:hex, :mime, "2.0.6", "8f18486773d9b15f95f4f4f1e39b710045fa1de891fada4516559967276e4dc2", [:mix], [], "hexpm", "c9945363a6b26d747389aac3643f8e0e09d30499a138ad64fe8fd1d13d9b153e"},
  "mint": {:hex, :mint, "1.7.1", "113fdb2b2f3b59e47c7955971854641c61f378549d73e829e1768de90fc1abf1", [:mix], [{:castore, "~> 0.1.0 or ~> 1.0", [hex: :castore, repo: "hexpm", optional: true]}, {:hpax, "~> 0.1.1 or ~> 0.2.0 or ~> 1.0", [hex: :hpax, repo: "hexpm", optional: false]}], "hexpm", "fceba0a4d0f24301ddee3024ae116df1c3f4bb7a563a731f45fdfeb9d39a231b"},
  "mint_web_socket": {:hex, :mint_web_socket, "1.0.4", "0b539116dbb3d3f861cdf5e15e269a933cb501c113a14db7001a3157d96ffafd", [:mix], [{:mint, ">= 1.4.1 and < 2.0.0-0", [hex: :mint, repo: "hexpm", optional: false]}], "hexpm", "027d4c5529c45a4ba0ce27a01c0f35f284a5468519c045ca15f43decb360a991"},
  "mox": {:hex, :mox, "1.2.0", "a2cd96b4b80a3883e3100a221e8adc1b98e4c3a332a8fc434c39526babafd5b3", [:mix], [{:nimble_ownership, "~> 1.0", [hex: :nimble_ownership, repo: "hexpm", optional: false]}], "hexpm", "c7b92b3cc69ee24a7eeeaf944cd7be22013c52fcb580c1f33f50845ec821089a"},
  "muontrap": {:hex, :muontrap, "1.6.1", "4a81a159f64e4c7bf01162a7863559d634bc48929218690ada309a9a98a9ac22", [:make, :mix], [{:elixir_make, "~> 0.6", [hex: :elixir_make, repo: "hexpm", optional: false]}], "hexpm", "8ad31072402bebed3f554c9a463aa272c6dd964168c9cb81385f8711f068ed47"},
  "nerves_key": {:hex, :nerves_key, "1.2.0", "2cd65b7f474582d0af7bcd59664df16d0c58d1673dce573072d7dbe971dbd663", [:mix], [{:atecc508a, "~> 0.3.0 or ~> 1.1", [hex: :atecc508a, repo: "hexpm", optional: false]}, {:nerves_key_pkcs11, "~> 0.2 or ~> 1.0", [hex: :nerves_key_pkcs11, repo: "hexpm", optional: false]}], "hexpm", "ef49b26f38728b554cca2a0b16d198989a571e753d427ead2b22a8ea10a06000"},
  "nerves_key_pkcs11": {:hex, :nerves_key_pkcs11, "1.2.0", "73fa6796a515de9d4feaad9bc68b2c63b1e5ba9cb32328fa2b349b896a2d18da", [:make, :mix], [{:elixir_make, "~> 0.4", [hex: :elixir_make, repo: "hexpm", optional: false]}], "hexpm", "d4e515edb8838d0de7776ca920cc0e5b6767de95c15070979492d0315b72de19"},
  "nerves_logging": {:hex, :nerves_logging, "0.2.2", "d0e878ac92e6907757fa9898b661250fa1cf50474763ca59ecfadca1c2235337", [:make, :mix], [{:elixir_make, "~> 0.6", [hex: :elixir_make, repo: "hexpm", optional: false]}], "hexpm", "74c181c6f011ea0c2d52956ad82065a59d7c7b62ddfba5967b010ef125f460a5"},
  "nerves_runtime": {:hex, :nerves_runtime, "0.13.8", "047fbef87f132dad33c65e06aaa558674535d253a469da695c7ce064b4a8d743", [:mix], [{:nerves_logging, "~> 0.2.0", [hex: :nerves_logging, repo: "hexpm", optional: false]}, {:nerves_uevent, "~> 0.1.0", [hex: :nerves_uevent, repo: "hexpm", optional: false]}, {:uboot_env, "~> 0.3.0 or ~> 1.0", [hex: :uboot_env, repo: "hexpm", optional: false]}], "hexpm", "10fa4921f99a921c6f5c15228d4de5fd593bf888532ead34aa2517f0d51ce4e3"},
  "nerves_time": {:hex, :nerves_time, "0.4.8", "50523376d487dfaea9bde973b9160a2ce811ade3ba2533776ef5c2ff4d80c277", [:make, :mix], [{:elixir_make, "~> 0.6", [hex: :elixir_make, repo: "hexpm", optional: false]}, {:muontrap, "~> 0.5 or ~> 1.0", [hex: :muontrap, repo: "hexpm", optional: false]}], "hexpm", "84479a25b725c24d1b758eaef3450043868591c8102c0ca1d7cc051a6402dd03"},
  "nerves_uevent": {:hex, :nerves_uevent, "0.1.1", "2cf5a612698722b2898d2d98dc157c30623b2158cde45a072ef2d489b221c653", [:make, :mix], [{:elixir_make, "~> 0.6", [hex: :elixir_make, repo: "hexpm", optional: false]}, {:property_table, "~> 0.2.0 or ~> 0.3.0", [hex: :property_table, repo: "hexpm", optional: false]}], "hexpm", "9a354034e1ccd199a7daa3ff94e8794b39a528219e940b2f4e7bf39d63367752"},
  "nimble_options": {:hex, :nimble_options, "1.1.1", "e3a492d54d85fc3fd7c5baf411d9d2852922f66e69476317787a7b2bb000a61b", [:mix], [], "hexpm", "821b2470ca9442c4b6984882fe9bb0389371b8ddec4d45a9504f00a66f650b44"},
  "nimble_ownership": {:hex, :nimble_ownership, "1.0.1", "f69fae0cdd451b1614364013544e66e4f5d25f36a2056a9698b793305c5aa3a6", [:mix], [], "hexpm", "3825e461025464f519f3f3e4a1f9b68c47dc151369611629ad08b636b73bb22d"},
  "nimble_parsec": {:hex, :nimble_parsec, "1.4.2", "8efba0122db06df95bfaa78f791344a89352ba04baedd3849593bfce4d0dc1c6", [:mix], [], "hexpm", "4b21398942dda052b403bbe1da991ccd03a053668d147d53fb8c4e0efe09c973"},
  "nimble_pool": {:hex, :nimble_pool, "1.1.0", "bf9c29fbdcba3564a8b800d1eeb5a3c58f36e1e11d7b7fb2e084a643f645f06b", [:mix], [], "hexpm", "af2e4e6b34197db81f7aad230c1118eac993acc0dae6bc83bac0126d4ae0813a"},
  "plug": {:hex, :plug, "1.17.0", "a0832e7af4ae0f4819e0c08dd2e7482364937aea6a8a997a679f2cbb7e026b2e", [:mix], [{:mime, "~> 1.0 or ~> 2.0", [hex: :mime, repo: "hexpm", optional: false]}, {:plug_crypto, "~> 1.1.1 or ~> 1.2 or ~> 2.0", [hex: :plug_crypto, repo: "hexpm", optional: false]}, {:telemetry, "~> 0.4.3 or ~> 1.0", [hex: :telemetry, repo: "hexpm", optional: false]}], "hexpm", "f6692046652a69a00a5a21d0b7e11fcf401064839d59d6b8787f23af55b1e6bc"},
  "plug_cowboy": {:hex, :plug_cowboy, "2.7.3", "1304d36752e8bdde213cea59ef424ca932910a91a07ef9f3874be709c4ddb94b", [:mix], [{:cowboy, "~> 2.7", [hex: :cowboy, repo: "hexpm", optional: false]}, {:cowboy_telemetry, "~> 0.3", [hex: :cowboy_telemetry, repo: "hexpm", optional: false]}, {:plug, "~> 1.14", [hex: :plug, repo: "hexpm", optional: false]}], "hexpm", "77c95524b2aa5364b247fa17089029e73b951ebc1adeef429361eab0bb55819d"},
  "plug_crypto": {:hex, :plug_crypto, "2.1.0", "f44309c2b06d249c27c8d3f65cfe08158ade08418cf540fd4f72d4d6863abb7b", [:mix], [], "hexpm", "131216a4b030b8f8ce0f26038bc4421ae60e4bb95c5cf5395e1421437824c4fa"},
  "property_table": {:hex, :property_table, "0.3.0", "aa51e0eb5e9789edb45e1048223f7f30ffd4e4dd0e3bd4924d8fa22d7800f9f6", [:mix], [], "hexpm", "696289fe01a2d685eb460e5440e64736ec8a07d8e4748e2d573b12b590b931e3"},
  "ranch": {:hex, :ranch, "2.2.0", "25528f82bc8d7c6152c57666ca99ec716510fe0925cb188172f41ce93117b1b0", [:make, :rebar3], [], "hexpm", "fa0b99a1780c80218a4197a59ea8d3bdae32fbff7e88527d7d8a4787eff4f8e7"},
  "req": {:hex, :req, "0.5.10", "a3a063eab8b7510785a467f03d30a8d95f66f5c3d9495be3474b61459c54376c", [:mix], [{:brotli, "~> 0.3.1", [hex: :brotli, repo: "hexpm", optional: true]}, {:ezstd, "~> 1.0", [hex: :ezstd, repo: "hexpm", optional: true]}, {:finch, "~> 0.17", [hex: :finch, repo: "hexpm", optional: false]}, {:jason, "~> 1.0", [hex: :jason, repo: "hexpm", optional: false]}, {:mime, "~> 2.0.6 or ~> 2.1", [hex: :mime, repo: "hexpm", optional: false]}, {:nimble_csv, "~> 1.0", [hex: :nimble_csv, repo: "hexpm", optional: true]}, {:plug, "~> 1.0", [hex: :plug, repo: "hexpm", optional: true]}], "hexpm", "8a604815743f8a2d3b5de0659fa3137fa4b1cffd636ecb69b30b2b9b2c2559be"},
  "slipstream": {:hex, :slipstream, "1.2.0", "f4e820752339d86d2f15f4103e163f538e3bb9c7fe353225afd1255178e1f051", [:mix], [{:jason, "~> 1.0", [hex: :jason, repo: "hexpm", optional: true]}, {:mint_web_socket, "~> 0.2 or ~> 1.0", [hex: :mint_web_socket, repo: "hexpm", optional: false]}, {:nimble_options, "~> 0.1 or ~> 1.0", [hex: :nimble_options, repo: "hexpm", optional: false]}, {:telemetry, "~> 0.4 or ~> 1.0", [hex: :telemetry, repo: "hexpm", optional: false]}], "hexpm", "f2fceddbb3c97331d348586e77c6425f4d150242dfaf392d22e8bd22f93d1f1e"},
  "telemetry": {:hex, :telemetry, "1.3.0", "fedebbae410d715cf8e7062c96a1ef32ec22e764197f70cda73d82778d61e7a2", [:rebar3], [], "hexpm", "7015fc8919dbe63764f4b4b87a95b7c0996bd539e0d499be6ec9d7f3875b79e6"},
  "uboot_env": {:hex, :uboot_env, "1.0.1", "b0e136cf1a561412ff7db23ed2b6df18d7c7ce2fc59941afd851006788a67f3d", [:mix], [], "hexpm", "b6d4fe7c24123be57ed946c48116d23173e37944bc945b8b76fccc437909c60b"},
  "vintage_net": {:hex, :vintage_net, "0.13.6", "87b6426d4748dce32b530025236444932c4e18c5e68297f8a48c9a33a15891fa", [:make, :mix], [{:beam_notify, "~> 0.2.0 or ~> 1.0", [hex: :beam_notify, repo: "hexpm", optional: false]}, {:elixir_make, "~> 0.6", [hex: :elixir_make, repo: "hexpm", optional: false]}, {:gen_state_machine, "~> 2.0.0 or ~> 2.1.0 or ~> 3.0.0", [hex: :gen_state_machine, repo: "hexpm", optional: false]}, {:muontrap, "~> 0.5.1 or ~> 0.6.0 or ~> 1.0", [hex: :muontrap, repo: "hexpm", optional: false]}, {:property_table, "~> 0.2.0 or ~> 0.3.0", [hex: :property_table, repo: "hexpm", optional: false]}], "hexpm", "f8410507f47dab294431802c4d501c50871c45fed74d279d1a97e34e8b4fed4c"},
  "whenwhere": {:hex, :whenwhere, "0.1.2", "d0b9928061b3e49dc9ade45db95206fb740ab00ca2283da331f0f9590e6f970e", [:mix], [], "hexpm", "b438bd7650571e4e94a59b31f0828287c93e8ca1064da5b6b1f2d5e7122b748b"},
  "x509": {:hex, :x509, "0.8.10", "5d1ec6d5f4db31982f9dc34e6a1eebd631d04599e0b6c1c259f1dadd4495e11f", [:mix], [], "hexpm", "a191221665af28b9bdfff0c986ef55f80e126d8ce751bbdf6cefa846410140c0"},
}
